
Microsoft Visual Studio Solution File, Format Version 12.00
# Visual Studio 15
VisualStudioVersion = 15.0.26730.3
MinimumVisualStudioVersion = 10.0.40219.1
Project("{FAE04EC0-301F-11D3-BF4B-00C04F79EFBC}") = "TourManagement.API", "TourManagement.API\TourManagement.API.csproj", "{61E771B2-EC8B-4416-9889-A50F4C1C8A50}"
EndProject
Global
	GlobalSection(SolutionConfigurationPlatforms) = preSolution
		Debug|Any CPU = Debug|Any CPU
		Release|Any CPU = Release|Any CPU
	EndGlobalSection
	GlobalSection(ProjectConfigurationPlatforms) = postSolution
		{61E771B2-EC8B-4416-9889-A50F4C1C8A50}.Debug|Any CPU.ActiveCfg = Debug|Any CPU
		{61E771B2-EC8B-4416-9889-A50F4C1C8A50}.Debug|Any CPU.Build.0 = Debug|Any CPU
		{61E771B2-EC8B-4416-9889-A50F4C1C8A50}.Release|Any CPU.ActiveCfg = Release|Any CPU
		{61E771B2-EC8B-4416-9889-A50F4C1C8A50}.Release|Any CPU.Build.0 = Release|Any CPU
	EndGlobalSection
	GlobalSection(SolutionProperties) = preSolution
		HideSolutionNode = FALSE
	EndGlobalSection
	GlobalSection(ExtensibilityGlobals) = postSolution
		SolutionGuid = {FBC6979F-7A1D-483D-9FE1-71030AF851C1}
	EndGlobalSection
EndGlobal
